
Microsoft Visual Studio Solution File, Format Version 12.00
# Visual Studio 15
VisualStudioVersion = 15.0.28307.421
MinimumVisualStudioVersion = 10.0.40219.1
Project("{FAE04EC0-301F-11D3-BF4B-00C04F79EFBC}") = "TravellingSalesmanProblem", "TravellingSalesmanProblem\TravellingSalesmanProblem.csproj", "{6302AE5C-71A7-4D4C-95DF-4E30C28E0B1C}"
EndProject
Global
	GlobalSection(SolutionConfigurationPlatforms) = preSolution
		Debug|Any CPU = Debug|Any CPU
		Release|Any CPU = Release|Any CPU
	EndGlobalSection
	GlobalSection(ProjectConfigurationPlatforms) = postSolution
		{6302AE5C-71A7-4D4C-95DF-4E30C28E0B1C}.Debug|Any CPU.ActiveCfg = Debug|Any CPU
		{6302AE5C-71A7-4D4C-95DF-4E30C28E0B1C}.Debug|Any CPU.Build.0 = Debug|Any CPU
		{6302AE5C-71A7-4D4C-95DF-4E30C28E0B1C}.Release|Any CPU.ActiveCfg = Release|Any CPU
		{6302AE5C-71A7-4D4C-95DF-4E30C28E0B1C}.Release|Any CPU.Build.0 = Release|Any CPU
	EndGlobalSection
	GlobalSection(SolutionProperties) = preSolution
		HideSolutionNode = FALSE
	EndGlobalSection
	GlobalSection(ExtensibilityGlobals) = postSolution
		SolutionGuid = {162F305B-76A4-4E99-8CB2-D74B2C2204E2}
	EndGlobalSection
EndGlobal
