
Microsoft Visual Studio Solution File, Format Version 12.00
# Visual Studio 15
VisualStudioVersion = 15.0.28307.421
MinimumVisualStudioVersion = 10.0.40219.1
Project("{FAE04EC0-301F-11D3-BF4B-00C04F79EFBC}") = "Adapter", "Adapter\Adapter.csproj", "{61519230-489D-4118-90CB-9510D8C79683}"
EndProject
Project("{FAE04EC0-301F-11D3-BF4B-00C04F79EFBC}") = "AdapterTest", "AdapterTest\AdapterTest.csproj", "{8439585B-F89E-424A-A01F-5F69FC73D820}"
EndProject
Global
	GlobalSection(SolutionConfigurationPlatforms) = preSolution
		Debug|Any CPU = Debug|Any CPU
		Release|Any CPU = Release|Any CPU
	EndGlobalSection
	GlobalSection(ProjectConfigurationPlatforms) = postSolution
		{61519230-489D-4118-90CB-9510D8C79683}.Debug|Any CPU.ActiveCfg = Debug|Any CPU
		{61519230-489D-4118-90CB-9510D8C79683}.Debug|Any CPU.Build.0 = Debug|Any CPU
		{61519230-489D-4118-90CB-9510D8C79683}.Release|Any CPU.ActiveCfg = Release|Any CPU
		{61519230-489D-4118-90CB-9510D8C79683}.Release|Any CPU.Build.0 = Release|Any CPU
		{8439585B-F89E-424A-A01F-5F69FC73D820}.Debug|Any CPU.ActiveCfg = Debug|Any CPU
		{8439585B-F89E-424A-A01F-5F69FC73D820}.Debug|Any CPU.Build.0 = Debug|Any CPU
		{8439585B-F89E-424A-A01F-5F69FC73D820}.Release|Any CPU.ActiveCfg = Release|Any CPU
		{8439585B-F89E-424A-A01F-5F69FC73D820}.Release|Any CPU.Build.0 = Release|Any CPU
	EndGlobalSection
	GlobalSection(SolutionProperties) = preSolution
		HideSolutionNode = FALSE
	EndGlobalSection
	GlobalSection(ExtensibilityGlobals) = postSolution
		SolutionGuid = {32C8F142-8070-4114-A773-6DBFD991E85F}
	EndGlobalSection
EndGlobal
